// !$*UTF8*$!
{
	archiveVersion = 1;
	classes = {
	};
	objectVersion = 48;
	objects = {

/* Begin PBXBuildFile section */
		7A25C36950FDE70EF5ADA986 /* Pods_Optima.framework in Frameworks */ = {isa = PBXBuildFile; fileRef = D82B50E83F66843985A4FDBD /* Pods_Optima.framework */; };
		A3DADBE5D6C49951945E3D3B /* Pods_OptimaTests.framework in Frameworks */ = {isa = PBXBuildFile; fileRef = E6FEDF593D285F197298D9C6 /* Pods_OptimaTests.framework */; };
		C0A4C1321F92437F0044D091 /* AppAppearance.swift in Sources */ = {isa = PBXBuildFile; fileRef = C0A4C1311F92437F0044D091 /* AppAppearance.swift */; };
		C0A4C1351F9246ED0044D091 /* AppDelegate.swift in Sources */ = {isa = PBXBuildFile; fileRef = C0A4C1291F92431C0044D091 /* AppDelegate.swift */; };
		C0A4C1361F92476E0044D091 /* GoogleSignInViewController.swift in Sources */ = {isa = PBXBuildFile; fileRef = C0A4C12B1F9243250044D091 /* GoogleSignInViewController.swift */; };
		C0A4C1371F92476E0044D091 /* SearchCollectionViewCell.swift in Sources */ = {isa = PBXBuildFile; fileRef = C0A4C12C1F9243250044D091 /* SearchCollectionViewCell.swift */; };
		C0A4C1381F92476E0044D091 /* SearchCollectionViewController.swift in Sources */ = {isa = PBXBuildFile; fileRef = C0A4C12D1F9243250044D091 /* SearchCollectionViewController.swift */; };
		C0A4C1391F92476E0044D091 /* UIAlertViewController.swift in Sources */ = {isa = PBXBuildFile; fileRef = C0A4C12E1F9243250044D091 /* UIAlertViewController.swift */; };
		C0ECCC681F8FCDB2008E97D5 /* Main.storyboard in Resources */ = {isa = PBXBuildFile; fileRef = C0ECCC661F8FCDB2008E97D5 /* Main.storyboard */; };
		C0ECCC6A1F8FCDB2008E97D5 /* Assets.xcassets in Resources */ = {isa = PBXBuildFile; fileRef = C0ECCC691F8FCDB2008E97D5 /* Assets.xcassets */; };
		C0ECCC6D1F8FCDB2008E97D5 /* LaunchScreen.storyboard in Resources */ = {isa = PBXBuildFile; fileRef = C0ECCC6B1F8FCDB2008E97D5 /* LaunchScreen.storyboard */; };
		C0ECCC781F8FCDB2008E97D5 /* OptimaTests.swift in Sources */ = {isa = PBXBuildFile; fileRef = C0ECCC771F8FCDB2008E97D5 /* OptimaTests.swift */; };
		C0ECCC831F8FCDB2008E97D5 /* OptimaUITests.swift in Sources */ = {isa = PBXBuildFile; fileRef = C0ECCC821F8FCDB2008E97D5 /* OptimaUITests.swift */; };
		C0ECCC931F8FD8D6008E97D5 /* GoogleService-Info.plist in Resources */ = {isa = PBXBuildFile; fileRef = C0ECCC921F8FD8D6008E97D5 /* GoogleService-Info.plist */; };
		C0ECCC941F8FD8D6008E97D5 /* GoogleService-Info.plist in Resources */ = {isa = PBXBuildFile; fileRef = C0ECCC921F8FD8D6008E97D5 /* GoogleService-Info.plist */; };
		C0ECCC951F8FD8D6008E97D5 /* GoogleService-Info.plist in Resources */ = {isa = PBXBuildFile; fileRef = C0ECCC921F8FD8D6008E97D5 /* GoogleService-Info.plist */; };
		CF15376A00719012C3F0F453 /* Pods_OptimaUITests.framework in Frameworks */ = {isa = PBXBuildFile; fileRef = F9E6A9B3F54FCFA2B44B1440 /* Pods_OptimaUITests.framework */; };
/* End PBXBuildFile section */

/* Begin PBXContainerItemProxy section */
		C0ECCC741F8FCDB2008E97D5 /* PBXContainerItemProxy */ = {
			isa = PBXContainerItemProxy;
			containerPortal = C0ECCC571F8FCDB1008E97D5 /* Project object */;
			proxyType = 1;
			remoteGlobalIDString = C0ECCC5E1F8FCDB1008E97D5;
			remoteInfo = Optima;
		};
		C0ECCC7F1F8FCDB2008E97D5 /* PBXContainerItemProxy */ = {
			isa = PBXContainerItemProxy;
			containerPortal = C0ECCC571F8FCDB1008E97D5 /* Project object */;
			proxyType = 1;
			remoteGlobalIDString = C0ECCC5E1F8FCDB1008E97D5;
			remoteInfo = Optima;
		};
/* End PBXContainerItemProxy section */

/* Begin PBXFileReference section */
		33EDBA1E2B5CB0950D6A9BFF /* Pods-OptimaUITests.debug.xcconfig */ = {isa = PBXFileReference; includeInIndex = 1; lastKnownFileType = text.xcconfig; name = "Pods-OptimaUITests.debug.xcconfig"; path = "Pods/Target Support Files/Pods-OptimaUITests/Pods-OptimaUITests.debug.xcconfig"; sourceTree = "<group>"; };
		45504C812B4D3ACB683AF58A /* Pods-Optima.debug.xcconfig */ = {isa = PBXFileReference; includeInIndex = 1; lastKnownFileType = text.xcconfig; name = "Pods-Optima.debug.xcconfig"; path = "Pods/Target Support Files/Pods-Optima/Pods-Optima.debug.xcconfig"; sourceTree = "<group>"; };
		8447759DE5E8461FE1C3CE10 /* Pods-OptimaUITests.release.xcconfig */ = {isa = PBXFileReference; includeInIndex = 1; lastKnownFileType = text.xcconfig; name = "Pods-OptimaUITests.release.xcconfig"; path = "Pods/Target Support Files/Pods-OptimaUITests/Pods-OptimaUITests.release.xcconfig"; sourceTree = "<group>"; };
		A1CBA9283A45591A1FCA5055 /* Pods-Optima.release.xcconfig */ = {isa = PBXFileReference; includeInIndex = 1; lastKnownFileType = text.xcconfig; name = "Pods-Optima.release.xcconfig"; path = "Pods/Target Support Files/Pods-Optima/Pods-Optima.release.xcconfig"; sourceTree = "<group>"; };
		A5DF86BF0D4D63290FB1BB5B /* Pods-OptimaTests.release.xcconfig */ = {isa = PBXFileReference; includeInIndex = 1; lastKnownFileType = text.xcconfig; name = "Pods-OptimaTests.release.xcconfig"; path = "Pods/Target Support Files/Pods-OptimaTests/Pods-OptimaTests.release.xcconfig"; sourceTree = "<group>"; };
		C0A4C1291F92431C0044D091 /* AppDelegate.swift */ = {isa = PBXFileReference; lastKnownFileType = sourcecode.swift; path = AppDelegate.swift; sourceTree = "<group>"; };
		C0A4C12B1F9243250044D091 /* GoogleSignInViewController.swift */ = {isa = PBXFileReference; lastKnownFileType = sourcecode.swift; path = GoogleSignInViewController.swift; sourceTree = "<group>"; };
		C0A4C12C1F9243250044D091 /* SearchCollectionViewCell.swift */ = {isa = PBXFileReference; lastKnownFileType = sourcecode.swift; path = SearchCollectionViewCell.swift; sourceTree = "<group>"; };
		C0A4C12D1F9243250044D091 /* SearchCollectionViewController.swift */ = {isa = PBXFileReference; lastKnownFileType = sourcecode.swift; path = SearchCollectionViewController.swift; sourceTree = "<group>"; };
		C0A4C12E1F9243250044D091 /* UIAlertViewController.swift */ = {isa = PBXFileReference; lastKnownFileType = sourcecode.swift; path = UIAlertViewController.swift; sourceTree = "<group>"; };
		C0A4C1311F92437F0044D091 /* AppAppearance.swift */ = {isa = PBXFileReference; lastKnownFileType = sourcecode.swift; path = AppAppearance.swift; sourceTree = "<group>"; };
		C0A4C1341F9246090044D091 /* Optima-Bridging-Header.h */ = {isa = PBXFileReference; lastKnownFileType = sourcecode.c.h; path = "Optima-Bridging-Header.h"; sourceTree = "<group>"; };
		C0ECCC5F1F8FCDB2008E97D5 /* Optima.app */ = {isa = PBXFileReference; explicitFileType = wrapper.application; includeInIndex = 0; path = Optima.app; sourceTree = BUILT_PRODUCTS_DIR; };
		C0ECCC671F8FCDB2008E97D5 /* Base */ = {isa = PBXFileReference; lastKnownFileType = file.storyboard; name = Base; path = Base.lproj/Main.storyboard; sourceTree = "<group>"; };
		C0ECCC691F8FCDB2008E97D5 /* Assets.xcassets */ = {isa = PBXFileReference; lastKnownFileType = folder.assetcatalog; path = Assets.xcassets; sourceTree = "<group>"; };
		C0ECCC6C1F8FCDB2008E97D5 /* Base */ = {isa = PBXFileReference; lastKnownFileType = file.storyboard; name = Base; path = Base.lproj/LaunchScreen.storyboard; sourceTree = "<group>"; };
		C0ECCC6E1F8FCDB2008E97D5 /* Info.plist */ = {isa = PBXFileReference; lastKnownFileType = text.plist.xml; path = Info.plist; sourceTree = "<group>"; };
		C0ECCC731F8FCDB2008E97D5 /* OptimaTests.xctest */ = {isa = PBXFileReference; explicitFileType = wrapper.cfbundle; includeInIndex = 0; path = OptimaTests.xctest; sourceTree = BUILT_PRODUCTS_DIR; };
		C0ECCC771F8FCDB2008E97D5 /* OptimaTests.swift */ = {isa = PBXFileReference; lastKnownFileType = sourcecode.swift; path = OptimaTests.swift; sourceTree = "<group>"; };
		C0ECCC791F8FCDB2008E97D5 /* Info.plist */ = {isa = PBXFileReference; lastKnownFileType = text.plist.xml; path = Info.plist; sourceTree = "<group>"; };
		C0ECCC7E1F8FCDB2008E97D5 /* OptimaUITests.xctest */ = {isa = PBXFileReference; explicitFileType = wrapper.cfbundle; includeInIndex = 0; path = OptimaUITests.xctest; sourceTree = BUILT_PRODUCTS_DIR; };
		C0ECCC821F8FCDB2008E97D5 /* OptimaUITests.swift */ = {isa = PBXFileReference; lastKnownFileType = sourcecode.swift; path = OptimaUITests.swift; sourceTree = "<group>"; };
		C0ECCC841F8FCDB2008E97D5 /* Info.plist */ = {isa = PBXFileReference; lastKnownFileType = text.plist.xml; path = Info.plist; sourceTree = "<group>"; };
		C0ECCC921F8FD8D6008E97D5 /* GoogleService-Info.plist */ = {isa = PBXFileReference; fileEncoding = 4; lastKnownFileType = text.plist.xml; path = "GoogleService-Info.plist"; sourceTree = "<group>"; };
		CCB77E2BDC0055B5CB8FA19A /* Pods-OptimaTests.debug.xcconfig */ = {isa = PBXFileReference; includeInIndex = 1; lastKnownFileType = text.xcconfig; name = "Pods-OptimaTests.debug.xcconfig"; path = "Pods/Target Support Files/Pods-OptimaTests/Pods-OptimaTests.debug.xcconfig"; sourceTree = "<group>"; };
		D82B50E83F66843985A4FDBD /* Pods_Optima.framework */ = {isa = PBXFileReference; explicitFileType = wrapper.framework; includeInIndex = 0; path = Pods_Optima.framework; sourceTree = BUILT_PRODUCTS_DIR; };
		E6FEDF593D285F197298D9C6 /* Pods_OptimaTests.framework */ = {isa = PBXFileReference; explicitFileType = wrapper.framework; includeInIndex = 0; path = Pods_OptimaTests.framework; sourceTree = BUILT_PRODUCTS_DIR; };
		F9E6A9B3F54FCFA2B44B1440 /* Pods_OptimaUITests.framework */ = {isa = PBXFileReference; explicitFileType = wrapper.framework; includeInIndex = 0; path = Pods_OptimaUITests.framework; sourceTree = BUILT_PRODUCTS_DIR; };
/* End PBXFileReference section */

/* Begin PBXFrameworksBuildPhase section */
		C0ECCC5C1F8FCDB1008E97D5 /* Frameworks */ = {
			isa = PBXFrameworksBuildPhase;
			buildActionMask = 2147483647;
			files = (
				7A25C36950FDE70EF5ADA986 /* Pods_Optima.framework in Frameworks */,
			);
			runOnlyForDeploymentPostprocessing = 0;
		};
		C0ECCC701F8FCDB2008E97D5 /* Frameworks */ = {
			isa = PBXFrameworksBuildPhase;
			buildActionMask = 2147483647;
			files = (
				A3DADBE5D6C49951945E3D3B /* Pods_OptimaTests.framework in Frameworks */,
			);
			runOnlyForDeploymentPostprocessing = 0;
		};
		C0ECCC7B1F8FCDB2008E97D5 /* Frameworks */ = {
			isa = PBXFrameworksBuildPhase;
			buildActionMask = 2147483647;
			files = (
				CF15376A00719012C3F0F453 /* Pods_OptimaUITests.framework in Frameworks */,
			);
			runOnlyForDeploymentPostprocessing = 0;
		};
/* End PBXFrameworksBuildPhase section */

/* Begin PBXGroup section */
		3EC1EBAD1B2DD01FC996B35A /* Frameworks */ = {
			isa = PBXGroup;
			children = (
				D82B50E83F66843985A4FDBD /* Pods_Optima.framework */,
				E6FEDF593D285F197298D9C6 /* Pods_OptimaTests.framework */,
				F9E6A9B3F54FCFA2B44B1440 /* Pods_OptimaUITests.framework */,
			);
			name = Frameworks;
			sourceTree = "<group>";
		};
		C0A4C1281F92431C0044D091 /* App */ = {
			isa = PBXGroup;
			children = (
				C0A4C1291F92431C0044D091 /* AppDelegate.swift */,
				C0A4C1311F92437F0044D091 /* AppAppearance.swift */,
			);
			path = App;
			sourceTree = "<group>";
		};
		C0A4C12A1F9243250044D091 /* Main */ = {
			isa = PBXGroup;
			children = (
				C0ECCC661F8FCDB2008E97D5 /* Main.storyboard */,
				C0A4C12B1F9243250044D091 /* GoogleSignInViewController.swift */,
				C0A4C12D1F9243250044D091 /* SearchCollectionViewController.swift */,
				C0A4C12C1F9243250044D091 /* SearchCollectionViewCell.swift */,
				C0A4C12E1F9243250044D091 /* UIAlertViewController.swift */,
			);
			path = Main;
			sourceTree = "<group>";
		};
		C0A4C12F1F9243320044D091 /* Launch */ = {
			isa = PBXGroup;
			children = (
				C0ECCC6B1F8FCDB2008E97D5 /* LaunchScreen.storyboard */,
			);
			path = Launch;
			sourceTree = "<group>";
		};
		C0ECCC561F8FCDB1008E97D5 = {
			isa = PBXGroup;
			children = (
				C0ECCC611F8FCDB2008E97D5 /* Optima */,
				C0ECCC761F8FCDB2008E97D5 /* OptimaTests */,
				C0ECCC811F8FCDB2008E97D5 /* OptimaUITests */,
				C0ECCC601F8FCDB2008E97D5 /* Products */,
				E60372052FB56C062ACD2C2B /* Pods */,
				3EC1EBAD1B2DD01FC996B35A /* Frameworks */,
			);
			sourceTree = "<group>";
		};
		C0ECCC601F8FCDB2008E97D5 /* Products */ = {
			isa = PBXGroup;
			children = (
				C0ECCC5F1F8FCDB2008E97D5 /* Optima.app */,
				C0ECCC731F8FCDB2008E97D5 /* OptimaTests.xctest */,
				C0ECCC7E1F8FCDB2008E97D5 /* OptimaUITests.xctest */,
			);
			name = Products;
			sourceTree = "<group>";
		};
		C0ECCC611F8FCDB2008E97D5 /* Optima */ = {
			isa = PBXGroup;
			children = (
				C0A4C1281F92431C0044D091 /* App */,
				C0A4C12F1F9243320044D091 /* Launch */,
				C0A4C12A1F9243250044D091 /* Main */,
				C0ECCC691F8FCDB2008E97D5 /* Assets.xcassets */,
				C0A4C1341F9246090044D091 /* Optima-Bridging-Header.h */,
				C0ECCC6E1F8FCDB2008E97D5 /* Info.plist */,
				C0ECCC921F8FD8D6008E97D5 /* GoogleService-Info.plist */,
			);
			path = Optima;
			sourceTree = "<group>";
		};
		C0ECCC761F8FCDB2008E97D5 /* OptimaTests */ = {
			isa = PBXGroup;
			children = (
				C0ECCC771F8FCDB2008E97D5 /* OptimaTests.swift */,
				C0ECCC791F8FCDB2008E97D5 /* Info.plist */,
			);
			path = OptimaTests;
			sourceTree = "<group>";
		};
		C0ECCC811F8FCDB2008E97D5 /* OptimaUITests */ = {
			isa = PBXGroup;
			children = (
				C0ECCC821F8FCDB2008E97D5 /* OptimaUITests.swift */,
				C0ECCC841F8FCDB2008E97D5 /* Info.plist */,
			);
			path = OptimaUITests;
			sourceTree = "<group>";
		};
		E60372052FB56C062ACD2C2B /* Pods */ = {
			isa = PBXGroup;
			children = (
				45504C812B4D3ACB683AF58A /* Pods-Optima.debug.xcconfig */,
				A1CBA9283A45591A1FCA5055 /* Pods-Optima.release.xcconfig */,
				CCB77E2BDC0055B5CB8FA19A /* Pods-OptimaTests.debug.xcconfig */,
				A5DF86BF0D4D63290FB1BB5B /* Pods-OptimaTests.release.xcconfig */,
				33EDBA1E2B5CB0950D6A9BFF /* Pods-OptimaUITests.debug.xcconfig */,
				8447759DE5E8461FE1C3CE10 /* Pods-OptimaUITests.release.xcconfig */,
			);
			name = Pods;
			sourceTree = "<group>";
		};
/* End PBXGroup section */

/* Begin PBXNativeTarget section */
		C0ECCC5E1F8FCDB1008E97D5 /* Optima */ = {
			isa = PBXNativeTarget;
			buildConfigurationList = C0ECCC871F8FCDB2008E97D5 /* Build configuration list for PBXNativeTarget "Optima" */;
			buildPhases = (
				85DFBCB7BCDC89B7088A4A0E /* [CP] Check Pods Manifest.lock */,
				C0ECCC5B1F8FCDB1008E97D5 /* Sources */,
				C0ECCC5C1F8FCDB1008E97D5 /* Frameworks */,
				C0ECCC5D1F8FCDB1008E97D5 /* Resources */,
				3F40CE5994D8B414C7F0F156 /* [CP] Embed Pods Frameworks */,
				DC7DBB6E3B15D558DAFA1473 /* [CP] Copy Pods Resources */,
			);
			buildRules = (
			);
			dependencies = (
			);
			name = Optima;
			productName = Optima;
			productReference = C0ECCC5F1F8FCDB2008E97D5 /* Optima.app */;
			productType = "com.apple.product-type.application";
		};
		C0ECCC721F8FCDB2008E97D5 /* OptimaTests */ = {
			isa = PBXNativeTarget;
			buildConfigurationList = C0ECCC8A1F8FCDB2008E97D5 /* Build configuration list for PBXNativeTarget "OptimaTests" */;
			buildPhases = (
				E4A003A61A4D1D0274DCE5AE /* [CP] Check Pods Manifest.lock */,
				C0ECCC6F1F8FCDB2008E97D5 /* Sources */,
				C0ECCC701F8FCDB2008E97D5 /* Frameworks */,
				C0ECCC711F8FCDB2008E97D5 /* Resources */,
				7D14C9B3B9A342B05F9B9B6B /* [CP] Embed Pods Frameworks */,
				E8D1C8F749B8EF95A0349728 /* [CP] Copy Pods Resources */,
			);
			buildRules = (
			);
			dependencies = (
				C0ECCC751F8FCDB2008E97D5 /* PBXTargetDependency */,
			);
			name = OptimaTests;
			productName = OptimaTests;
			productReference = C0ECCC731F8FCDB2008E97D5 /* OptimaTests.xctest */;
			productType = "com.apple.product-type.bundle.unit-test";
		};
		C0ECCC7D1F8FCDB2008E97D5 /* OptimaUITests */ = {
			isa = PBXNativeTarget;
			buildConfigurationList = C0ECCC8D1F8FCDB2008E97D5 /* Build configuration list for PBXNativeTarget "OptimaUITests" */;
			buildPhases = (
				EDED3549508418AD0079FE9A /* [CP] Check Pods Manifest.lock */,
				C0ECCC7A1F8FCDB2008E97D5 /* Sources */,
				C0ECCC7B1F8FCDB2008E97D5 /* Frameworks */,
				C0ECCC7C1F8FCDB2008E97D5 /* Resources */,
				C60DC7AC6573E2DE32ECE48D /* [CP] Embed Pods Frameworks */,
				AEA3A66139B94CB83C5ABDFB /* [CP] Copy Pods Resources */,
			);
			buildRules = (
			);
			dependencies = (
				C0ECCC801F8FCDB2008E97D5 /* PBXTargetDependency */,
			);
			name = OptimaUITests;
			productName = OptimaUITests;
			productReference = C0ECCC7E1F8FCDB2008E97D5 /* OptimaUITests.xctest */;
			productType = "com.apple.product-type.bundle.ui-testing";
		};
/* End PBXNativeTarget section */

/* Begin PBXProject section */
		C0ECCC571F8FCDB1008E97D5 /* Project object */ = {
			isa = PBXProject;
			attributes = {
				LastSwiftUpdateCheck = 0900;
				LastUpgradeCheck = 0900;
				ORGANIZATIONNAME = "Atif Jamil, Syed";
				TargetAttributes = {
					C0ECCC5E1F8FCDB1008E97D5 = {
						CreatedOnToolsVersion = 9.0;
						LastSwiftMigration = 0900;
						ProvisioningStyle = Automatic;
					};
					C0ECCC721F8FCDB2008E97D5 = {
						CreatedOnToolsVersion = 9.0;
						ProvisioningStyle = Automatic;
						TestTargetID = C0ECCC5E1F8FCDB1008E97D5;
					};
					C0ECCC7D1F8FCDB2008E97D5 = {
						CreatedOnToolsVersion = 9.0;
						ProvisioningStyle = Automatic;
						TestTargetID = C0ECCC5E1F8FCDB1008E97D5;
					};
				};
			};
			buildConfigurationList = C0ECCC5A1F8FCDB1008E97D5 /* Build configuration list for PBXProject "Optima" */;
			compatibilityVersion = "Xcode 8.0";
			developmentRegion = en;
			hasScannedForEncodings = 0;
			knownRegions = (
				en,
				Base,
			);
			mainGroup = C0ECCC561F8FCDB1008E97D5;
			productRefGroup = C0ECCC601F8FCDB2008E97D5 /* Products */;
			projectDirPath = "";
			projectRoot = "";
			targets = (
				C0ECCC5E1F8FCDB1008E97D5 /* Optima */,
				C0ECCC721F8FCDB2008E97D5 /* OptimaTests */,
				C0ECCC7D1F8FCDB2008E97D5 /* OptimaUITests */,
			);
		};
/* End PBXProject section */

/* Begin PBXResourcesBuildPhase section */
		C0ECCC5D1F8FCDB1008E97D5 /* Resources */ = {
			isa = PBXResourcesBuildPhase;
			buildActionMask = 2147483647;
			files = (
				C0ECCC6D1F8FCDB2008E97D5 /* LaunchScreen.storyboard in Resources */,
				C0ECCC931F8FD8D6008E97D5 /* GoogleService-Info.plist in Resources */,
				C0ECCC6A1F8FCDB2008E97D5 /* Assets.xcassets in Resources */,
				C0ECCC681F8FCDB2008E97D5 /* Main.storyboard in Resources */,
			);
			runOnlyForDeploymentPostprocessing = 0;
		};
		C0ECCC711F8FCDB2008E97D5 /* Resources */ = {
			isa = PBXResourcesBuildPhase;
			buildActionMask = 2147483647;
			files = (
				C0ECCC941F8FD8D6008E97D5 /* GoogleService-Info.plist in Resources */,
			);
			runOnlyForDeploymentPostprocessing = 0;
		};
		C0ECCC7C1F8FCDB2008E97D5 /* Resources */ = {
			isa = PBXResourcesBuildPhase;
			buildActionMask = 2147483647;
			files = (
				C0ECCC951F8FD8D6008E97D5 /* GoogleService-Info.plist in Resources */,
			);
			runOnlyForDeploymentPostprocessing = 0;
		};
/* End PBXResourcesBuildPhase section */

/* Begin PBXShellScriptBuildPhase section */
		3F40CE5994D8B414C7F0F156 /* [CP] Embed Pods Frameworks */ = {
			isa = PBXShellScriptBuildPhase;
			buildActionMask = 2147483647;
			files = (
			);
			inputPaths = (
			);
			name = "[CP] Embed Pods Frameworks";
			outputPaths = (
			);
			runOnlyForDeploymentPostprocessing = 0;
			shellPath = /bin/sh;
			shellScript = "\"${SRCROOT}/Pods/Target Support Files/Pods-Optima/Pods-Optima-frameworks.sh\"\n";
			showEnvVarsInLog = 0;
		};
		7D14C9B3B9A342B05F9B9B6B /* [CP] Embed Pods Frameworks */ = {
			isa = PBXShellScriptBuildPhase;
			buildActionMask = 2147483647;
			files = (
			);
			inputPaths = (
			);
			name = "[CP] Embed Pods Frameworks";
			outputPaths = (
			);
			runOnlyForDeploymentPostprocessing = 0;
			shellPath = /bin/sh;
			shellScript = "\"${SRCROOT}/Pods/Target Support Files/Pods-OptimaTests/Pods-OptimaTests-frameworks.sh\"\n";
			showEnvVarsInLog = 0;
		};
		85DFBCB7BCDC89B7088A4A0E /* [CP] Check Pods Manifest.lock */ = {
			isa = PBXShellScriptBuildPhase;
			buildActionMask = 2147483647;
			files = (
			);
			inputPaths = (
			);
			name = "[CP] Check Pods Manifest.lock";
			outputPaths = (
			);
			runOnlyForDeploymentPostprocessing = 0;
			shellPath = /bin/sh;
			shellScript = "diff \"${PODS_PODFILE_DIR_PATH}/Podfile.lock\" \"${PODS_ROOT}/Manifest.lock\" > /dev/null\nif [ $? != 0 ] ; then\n    # print error to STDERR\n    echo \"error: The sandbox is not in sync with the Podfile.lock. Run 'pod install' or update your CocoaPods installation.\" >&2\n    exit 1\nfi\n";
			showEnvVarsInLog = 0;
		};
		AEA3A66139B94CB83C5ABDFB /* [CP] Copy Pods Resources */ = {
			isa = PBXShellScriptBuildPhase;
			buildActionMask = 2147483647;
			files = (
			);
			inputPaths = (
			);
			name = "[CP] Copy Pods Resources";
			outputPaths = (
			);
			runOnlyForDeploymentPostprocessing = 0;
			shellPath = /bin/sh;
			shellScript = "\"${SRCROOT}/Pods/Target Support Files/Pods-OptimaUITests/Pods-OptimaUITests-resources.sh\"\n";
			showEnvVarsInLog = 0;
		};
		C60DC7AC6573E2DE32ECE48D /* [CP] Embed Pods Frameworks */ = {
			isa = PBXShellScriptBuildPhase;
			buildActionMask = 2147483647;
			files = (
			);
			inputPaths = (
			);
			name = "[CP] Embed Pods Frameworks";
			outputPaths = (
			);
			runOnlyForDeploymentPostprocessing = 0;
			shellPath = /bin/sh;
			shellScript = "\"${SRCROOT}/Pods/Target Support Files/Pods-OptimaUITests/Pods-OptimaUITests-frameworks.sh\"\n";
			showEnvVarsInLog = 0;
		};
		DC7DBB6E3B15D558DAFA1473 /* [CP] Copy Pods Resources */ = {
			isa = PBXShellScriptBuildPhase;
			buildActionMask = 2147483647;
			files = (
			);
			inputPaths = (
			);
			name = "[CP] Copy Pods Resources";
			outputPaths = (
			);
			runOnlyForDeploymentPostprocessing = 0;
			shellPath = /bin/sh;
			shellScript = "\"${SRCROOT}/Pods/Target Support Files/Pods-Optima/Pods-Optima-resources.sh\"\n";
			showEnvVarsInLog = 0;
		};
		E4A003A61A4D1D0274DCE5AE /* [CP] Check Pods Manifest.lock */ = {
			isa = PBXShellScriptBuildPhase;
			buildActionMask = 2147483647;
			files = (
			);
			inputPaths = (
			);
			name = "[CP] Check Pods Manifest.lock";
			outputPaths = (
			);
			runOnlyForDeploymentPostprocessing = 0;
			shellPath = /bin/sh;
			shellScript = "diff \"${PODS_PODFILE_DIR_PATH}/Podfile.lock\" \"${PODS_ROOT}/Manifest.lock\" > /dev/null\nif [ $? != 0 ] ; then\n    # print error to STDERR\n    echo \"error: The sandbox is not in sync with the Podfile.lock. Run 'pod install' or update your CocoaPods installation.\" >&2\n    exit 1\nfi\n";
			showEnvVarsInLog = 0;
		};
		E8D1C8F749B8EF95A0349728 /* [CP] Copy Pods Resources */ = {
			isa = PBXShellScriptBuildPhase;
			buildActionMask = 2147483647;
			files = (
			);
			inputPaths = (
			);
			name = "[CP] Copy Pods Resources";
			outputPaths = (
			);
			runOnlyForDeploymentPostprocessing = 0;
			shellPath = /bin/sh;
			shellScript = "\"${SRCROOT}/Pods/Target Support Files/Pods-OptimaTests/Pods-OptimaTests-resources.sh\"\n";
			showEnvVarsInLog = 0;
		};
		EDED3549508418AD0079FE9A /* [CP] Check Pods Manifest.lock */ = {
			isa = PBXShellScriptBuildPhase;
			buildActionMask = 2147483647;
			files = (
			);
			inputPaths = (
			);
			name = "[CP] Check Pods Manifest.lock";
			outputPaths = (
			);
			runOnlyForDeploymentPostprocessing = 0;
			shellPath = /bin/sh;
			shellScript = "diff \"${PODS_PODFILE_DIR_PATH}/Podfile.lock\" \"${PODS_ROOT}/Manifest.lock\" > /dev/null\nif [ $? != 0 ] ; then\n    # print error to STDERR\n    echo \"error: The sandbox is not in sync with the Podfile.lock. Run 'pod install' or update your CocoaPods installation.\" >&2\n    exit 1\nfi\n";
			showEnvVarsInLog = 0;
		};
/* End PBXShellScriptBuildPhase section */

/* Begin PBXSourcesBuildPhase section */
		C0ECCC5B1F8FCDB1008E97D5 /* Sources */ = {
			isa = PBXSourcesBuildPhase;
			buildActionMask = 2147483647;
			files = (
				C0A4C1381F92476E0044D091 /* SearchCollectionViewController.swift in Sources */,
				C0A4C1361F92476E0044D091 /* GoogleSignInViewController.swift in Sources */,
				C0A4C1351F9246ED0044D091 /* AppDelegate.swift in Sources */,
				C0A4C1391F92476E0044D091 /* UIAlertViewController.swift in Sources */,
				C0A4C1371F92476E0044D091 /* SearchCollectionViewCell.swift in Sources */,
				C0A4C1321F92437F0044D091 /* AppAppearance.swift in Sources */,
			);
			runOnlyForDeploymentPostprocessing = 0;
		};
		C0ECCC6F1F8FCDB2008E97D5 /* Sources */ = {
			isa = PBXSourcesBuildPhase;
			buildActionMask = 2147483647;
			files = (
				C0ECCC781F8FCDB2008E97D5 /* OptimaTests.swift in Sources */,
			);
			runOnlyForDeploymentPostprocessing = 0;
		};
		C0ECCC7A1F8FCDB2008E97D5 /* Sources */ = {
			isa = PBXSourcesBuildPhase;
			buildActionMask = 2147483647;
			files = (
				C0ECCC831F8FCDB2008E97D5 /* OptimaUITests.swift in Sources */,
			);
			runOnlyForDeploymentPostprocessing = 0;
		};
/* End PBXSourcesBuildPhase section */

/* Begin PBXTargetDependency section */
		C0ECCC751F8FCDB2008E97D5 /* PBXTargetDependency */ = {
			isa = PBXTargetDependency;
			target = C0ECCC5E1F8FCDB1008E97D5 /* Optima */;
			targetProxy = C0ECCC741F8FCDB2008E97D5 /* PBXContainerItemProxy */;
		};
		C0ECCC801F8FCDB2008E97D5 /* PBXTargetDependency */ = {
			isa = PBXTargetDependency;
			target = C0ECCC5E1F8FCDB1008E97D5 /* Optima */;
			targetProxy = C0ECCC7F1F8FCDB2008E97D5 /* PBXContainerItemProxy */;
		};
/* End PBXTargetDependency section */

/* Begin PBXVariantGroup section */
		C0ECCC661F8FCDB2008E97D5 /* Main.storyboard */ = {
			isa = PBXVariantGroup;
			children = (
				C0ECCC671F8FCDB2008E97D5 /* Base */,
			);
			name = Main.storyboard;
			sourceTree = "<group>";
		};
		C0ECCC6B1F8FCDB2008E97D5 /* LaunchScreen.storyboard */ = {
			isa = PBXVariantGroup;
			children = (
				C0ECCC6C1F8FCDB2008E97D5 /* Base */,
			);
			name = LaunchScreen.storyboard;
			sourceTree = "<group>";
		};
/* End PBXVariantGroup section */

/* Begin XCBuildConfiguration section */
		C0ECCC851F8FCDB2008E97D5 /* Debug */ = {
			isa = XCBuildConfiguration;
			buildSettings = {
				ALWAYS_SEARCH_USER_PATHS = NO;
				CLANG_ANALYZER_NONNULL = YES;
				CLANG_ANALYZER_NUMBER_OBJECT_CONVERSION = YES_AGGRESSIVE;
				CLANG_CXX_LANGUAGE_STANDARD = "gnu++14";
				CLANG_CXX_LIBRARY = "libc++";
				CLANG_ENABLE_MODULES = YES;
				CLANG_ENABLE_OBJC_ARC = YES;
				CLANG_WARN_BLOCK_CAPTURE_AUTORELEASING = YES;
				CLANG_WARN_BOOL_CONVERSION = YES;
				CLANG_WARN_COMMA = YES;
				CLANG_WARN_CONSTANT_CONVERSION = YES;
				CLANG_WARN_DIRECT_OBJC_ISA_USAGE = YES_ERROR;
				CLANG_WARN_DOCUMENTATION_COMMENTS = YES;
				CLANG_WARN_EMPTY_BODY = YES;
				CLANG_WARN_ENUM_CONVERSION = YES;
				CLANG_WARN_INFINITE_RECURSION = YES;
				CLANG_WARN_INT_CONVERSION = YES;
				CLANG_WARN_NON_LITERAL_NULL_CONVERSION = YES;
				CLANG_WARN_OBJC_LITERAL_CONVERSION = YES;
				CLANG_WARN_OBJC_ROOT_CLASS = YES_ERROR;
				CLANG_WARN_RANGE_LOOP_ANALYSIS = YES;
				CLANG_WARN_STRICT_PROTOTYPES = YES;
				CLANG_WARN_SUSPICIOUS_MOVE = YES;
				CLANG_WARN_UNGUARDED_AVAILABILITY = YES_AGGRESSIVE;
				CLANG_WARN_UNREACHABLE_CODE = YES;
				CLANG_WARN__DUPLICATE_METHOD_MATCH = YES;
				CODE_SIGN_IDENTITY = "iPhone Developer";
				COPY_PHASE_STRIP = NO;
				DEBUG_INFORMATION_FORMAT = dwarf;
				ENABLE_STRICT_OBJC_MSGSEND = YES;
				ENABLE_TESTABILITY = YES;
				GCC_C_LANGUAGE_STANDARD = gnu11;
				GCC_DYNAMIC_NO_PIC = NO;
				GCC_NO_COMMON_BLOCKS = YES;
				GCC_OPTIMIZATION_LEVEL = 0;
				GCC_PREPROCESSOR_DEFINITIONS = (
					"DEBUG=1",
					"$(inherited)",
				);
				GCC_WARN_64_TO_32_BIT_CONVERSION = YES;
				GCC_WARN_ABOUT_RETURN_TYPE = YES_ERROR;
				GCC_WARN_UNDECLARED_SELECTOR = YES;
				GCC_WARN_UNINITIALIZED_AUTOS = YES_AGGRESSIVE;
				GCC_WARN_UNUSED_FUNCTION = YES;
				GCC_WARN_UNUSED_VARIABLE = YES;
				IPHONEOS_DEPLOYMENT_TARGET = 10.0;
				MTL_ENABLE_DEBUG_INFO = YES;
				ONLY_ACTIVE_ARCH = YES;
				SDKROOT = iphoneos;
				SWIFT_ACTIVE_COMPILATION_CONDITIONS = DEBUG;
				SWIFT_OPTIMIZATION_LEVEL = "-Onone";
			};
			name = Debug;
		};
		C0ECCC861F8FCDB2008E97D5 /* Release */ = {
			isa = XCBuildConfiguration;
			buildSettings = {
				ALWAYS_SEARCH_USER_PATHS = NO;
				CLANG_ANALYZER_NONNULL = YES;
				CLANG_ANALYZER_NUMBER_OBJECT_CONVERSION = YES_AGGRESSIVE;
				CLANG_CXX_LANGUAGE_STANDARD = "gnu++14";
				CLANG_CXX_LIBRARY = "libc++";
				CLANG_ENABLE_MODULES = YES;
				CLANG_ENABLE_OBJC_ARC = YES;
				CLANG_WARN_BLOCK_CAPTURE_AUTORELEASING = YES;
				CLANG_WARN_BOOL_CONVERSION = YES;
				CLANG_WARN_COMMA = YES;
				CLANG_WARN_CONSTANT_CONVERSION = YES;
				CLANG_WARN_DIRECT_OBJC_ISA_USAGE = YES_ERROR;
				CLANG_WARN_DOCUMENTATION_COMMENTS = YES;
				CLANG_WARN_EMPTY_BODY = YES;
				CLANG_WARN_ENUM_CONVERSION = YES;
				CLANG_WARN_INFINITE_RECURSION = YES;
				CLANG_WARN_INT_CONVERSION = YES;
				CLANG_WARN_NON_LITERAL_NULL_CONVERSION = YES;
				CLANG_WARN_OBJC_LITERAL_CONVERSION = YES;
				CLANG_WARN_OBJC_ROOT_CLASS = YES_ERROR;
				CLANG_WARN_RANGE_LOOP_ANALYSIS = YES;
				CLANG_WARN_STRICT_PROTOTYPES = YES;
				CLANG_WARN_SUSPICIOUS_MOVE = YES;
				CLANG_WARN_UNGUARDED_AVAILABILITY = YES_AGGRESSIVE;
				CLANG_WARN_UNREACHABLE_CODE = YES;
				CLANG_WARN__DUPLICATE_METHOD_MATCH = YES;
				CODE_SIGN_IDENTITY = "iPhone Developer";
				COPY_PHASE_STRIP = NO;
				DEBUG_INFORMATION_FORMAT = "dwarf-with-dsym";
				ENABLE_NS_ASSERTIONS = NO;
				ENABLE_STRICT_OBJC_MSGSEND = YES;
				GCC_C_LANGUAGE_STANDARD = gnu11;
				GCC_NO_COMMON_BLOCKS = YES;
				GCC_WARN_64_TO_32_BIT_CONVERSION = YES;
				GCC_WARN_ABOUT_RETURN_TYPE = YES_ERROR;
				GCC_WARN_UNDECLARED_SELECTOR = YES;
				GCC_WARN_UNINITIALIZED_AUTOS = YES_AGGRESSIVE;
				GCC_WARN_UNUSED_FUNCTION = YES;
				GCC_WARN_UNUSED_VARIABLE = YES;
				IPHONEOS_DEPLOYMENT_TARGET = 10.0;
				MTL_ENABLE_DEBUG_INFO = NO;
				SDKROOT = iphoneos;
				SWIFT_OPTIMIZATION_LEVEL = "-Owholemodule";
				VALIDATE_PRODUCT = YES;
			};
			name = Release;
		};
		C0ECCC881F8FCDB2008E97D5 /* Debug */ = {
			isa = XCBuildConfiguration;
			baseConfigurationReference = 45504C812B4D3ACB683AF58A /* Pods-Optima.debug.xcconfig */;
			buildSettings = {
				ASSETCATALOG_COMPILER_APPICON_NAME = AppIcon;
				CLANG_ENABLE_MODULES = YES;
				CODE_SIGN_STYLE = Automatic;
				DEVELOPMENT_TEAM = 9KDX79NWN2;
				INFOPLIST_FILE = Optima/Info.plist;
				LD_RUNPATH_SEARCH_PATHS = "$(inherited) @executable_path/Frameworks";
				PRODUCT_BUNDLE_IDENTIFIER = com.example.Optima;
				PRODUCT_NAME = "$(TARGET_NAME)";
				SWIFT_OBJC_BRIDGING_HEADER = "Optima/Optima-Bridging-Header.h";
				SWIFT_OPTIMIZATION_LEVEL = "-Onone";
				SWIFT_VERSION = 4.0;
				TARGETED_DEVICE_FAMILY = "1,2";
			};
			name = Debug;
		};
		C0ECCC891F8FCDB2008E97D5 /* Release */ = {
			isa = XCBuildConfiguration;
			baseConfigurationReference = A1CBA9283A45591A1FCA5055 /* Pods-Optima.release.xcconfig */;
			buildSettings = {
				ASSETCATALOG_COMPILER_APPICON_NAME = AppIcon;
				CLANG_ENABLE_MODULES = YES;
				CODE_SIGN_STYLE = Automatic;
				DEVELOPMENT_TEAM = 9KDX79NWN2;
				INFOPLIST_FILE = Optima/Info.plist;
				LD_RUNPATH_SEARCH_PATHS = "$(inherited) @executable_path/Frameworks";
				PRODUCT_BUNDLE_IDENTIFIER = com.example.Optima;
				PRODUCT_NAME = "$(TARGET_NAME)";
				SWIFT_OBJC_BRIDGING_HEADER = "Optima/Optima-Bridging-Header.h";
				SWIFT_VERSION = 4.0;
				TARGETED_DEVICE_FAMILY = "1,2";
			};
			name = Release;
		};
		C0ECCC8B1F8FCDB2008E97D5 /* Debug */ = {
			isa = XCBuildConfiguration;
			baseConfigurationReference = CCB77E2BDC0055B5CB8FA19A /* Pods-OptimaTests.debug.xcconfig */;
			buildSettings = {
				ALWAYS_EMBED_SWIFT_STANDARD_LIBRARIES = YES;
				BUNDLE_LOADER = "$(TEST_HOST)";
				CODE_SIGN_STYLE = Automatic;
				INFOPLIST_FILE = OptimaTests/Info.plist;
				LD_RUNPATH_SEARCH_PATHS = "$(inherited) @executable_path/Frameworks @loader_path/Frameworks";
				PRODUCT_BUNDLE_IDENTIFIER = com.example.OptimaTests;
				PRODUCT_NAME = "$(TARGET_NAME)";
				SWIFT_VERSION = 4.0;
				TARGETED_DEVICE_FAMILY = "1,2";
				TEST_HOST = "$(BUILT_PRODUCTS_DIR)/Optima.app/Optima";
			};
			name = Debug;
		};
		C0ECCC8C1F8FCDB2008E97D5 /* Release */ = {
			isa = XCBuildConfiguration;
			baseConfigurationReference = A5DF86BF0D4D63290FB1BB5B /* Pods-OptimaTests.release.xcconfig */;
			buildSettings = {
				ALWAYS_EMBED_SWIFT_STANDARD_LIBRARIES = YES;
				BUNDLE_LOADER = "$(TEST_HOST)";
				CODE_SIGN_STYLE = Automatic;
				INFOPLIST_FILE = OptimaTests/Info.plist;
				LD_RUNPATH_SEARCH_PATHS = "$(inherited) @executable_path/Frameworks @loader_path/Frameworks";
				PRODUCT_BUNDLE_IDENTIFIER = com.example.OptimaTests;
				PRODUCT_NAME = "$(TARGET_NAME)";
				SWIFT_VERSION = 4.0;
				TARGETED_DEVICE_FAMILY = "1,2";
				TEST_HOST = "$(BUILT_PRODUCTS_DIR)/Optima.app/Optima";
			};
			name = Release;
		};
		C0ECCC8E1F8FCDB2008E97D5 /* Debug */ = {
			isa = XCBuildConfiguration;
			baseConfigurationReference = 33EDBA1E2B5CB0950D6A9BFF /* Pods-OptimaUITests.debug.xcconfig */;
			buildSettings = {
				ALWAYS_EMBED_SWIFT_STANDARD_LIBRARIES = YES;
				CODE_SIGN_STYLE = Automatic;
				INFOPLIST_FILE = OptimaUITests/Info.plist;
				LD_RUNPATH_SEARCH_PATHS = "$(inherited) @executable_path/Frameworks @loader_path/Frameworks";
				PRODUCT_BUNDLE_IDENTIFIER = com.example.OptimaUITests;
				PRODUCT_NAME = "$(TARGET_NAME)";
				SWIFT_VERSION = 4.0;
				TARGETED_DEVICE_FAMILY = "1,2";
				TEST_TARGET_NAME = Optima;
			};
			name = Debug;
		};
		C0ECCC8F1F8FCDB2008E97D5 /* Release */ = {
			isa = XCBuildConfiguration;
			baseConfigurationReference = 8447759DE5E8461FE1C3CE10 /* Pods-OptimaUITests.release.xcconfig */;
			buildSettings = {
				ALWAYS_EMBED_SWIFT_STANDARD_LIBRARIES = YES;
				CODE_SIGN_STYLE = Automatic;
				INFOPLIST_FILE = OptimaUITests/Info.plist;
				LD_RUNPATH_SEARCH_PATHS = "$(inherited) @executable_path/Frameworks @loader_path/Frameworks";
				PRODUCT_BUNDLE_IDENTIFIER = com.example.OptimaUITests;
				PRODUCT_NAME = "$(TARGET_NAME)";
				SWIFT_VERSION = 4.0;
				TARGETED_DEVICE_FAMILY = "1,2";
				TEST_TARGET_NAME = Optima;
			};
			name = Release;
		};
/* End XCBuildConfiguration section */

/* Begin XCConfigurationList section */
		C0ECCC5A1F8FCDB1008E97D5 /* Build configuration list for PBXProject "Optima" */ = {
			isa = XCConfigurationList;
			buildConfigurations = (
				C0ECCC851F8FCDB2008E97D5 /* Debug */,
				C0ECCC861F8FCDB2008E97D5 /* Release */,
			);
			defaultConfigurationIsVisible = 0;
			defaultConfigurationName = Release;
		};
		C0ECCC871F8FCDB2008E97D5 /* Build configuration list for PBXNativeTarget "Optima" */ = {
			isa = XCConfigurationList;
			buildConfigurations = (
				C0ECCC881F8FCDB2008E97D5 /* Debug */,
				C0ECCC891F8FCDB2008E97D5 /* Release */,
			);
			defaultConfigurationIsVisible = 0;
			defaultConfigurationName = Release;
		};
		C0ECCC8A1F8FCDB2008E97D5 /* Build configuration list for PBXNativeTarget "OptimaTests" */ = {
			isa = XCConfigurationList;
			buildConfigurations = (
				C0ECCC8B1F8FCDB2008E97D5 /* Debug */,
				C0ECCC8C1F8FCDB2008E97D5 /* Release */,
			);
			defaultConfigurationIsVisible = 0;
			defaultConfigurationName = Release;
		};
		C0ECCC8D1F8FCDB2008E97D5 /* Build configuration list for PBXNativeTarget "OptimaUITests" */ = {
			isa = XCConfigurationList;
			buildConfigurations = (
				C0ECCC8E1F8FCDB2008E97D5 /* Debug */,
				C0ECCC8F1F8FCDB2008E97D5 /* Release */,
			);
			defaultConfigurationIsVisible = 0;
			defaultConfigurationName = Release;
		};
/* End XCConfigurationList section */
	};
	rootObject = C0ECCC571F8FCDB1008E97D5 /* Project object */;
}
